// !$*UTF8*$!
{
	archiveVersion = 1;
	classes = {
	};
	objectVersion = 56;
	objects = {

/* Begin PBXBuildFile section */
		3798FB7528D98256004303D1 /* CustomButton.swift in Sources */ = {isa = PBXBuildFile; fileRef = 3798FB7428D98256004303D1 /* CustomButton.swift */; };
		37A0DA4828D93726008EF0FC /* CustomTextField.swift in Sources */ = {isa = PBXBuildFile; fileRef = 37A0DA4728D93726008EF0FC /* CustomTextField.swift */; };
		37AF921D28D80460008855FB /* AppDelegate.swift in Sources */ = {isa = PBXBuildFile; fileRef = 37AF921C28D80460008855FB /* AppDelegate.swift */; };
		37AF921F28D80460008855FB /* SceneDelegate.swift in Sources */ = {isa = PBXBuildFile; fileRef = 37AF921E28D80460008855FB /* SceneDelegate.swift */; };
		37AF922128D80460008855FB /* ViewController.swift in Sources */ = {isa = PBXBuildFile; fileRef = 37AF922028D80460008855FB /* ViewController.swift */; };
		37AF922428D80460008855FB /* Main.storyboard in Resources */ = {isa = PBXBuildFile; fileRef = 37AF922228D80460008855FB /* Main.storyboard */; };
		37AF922628D80461008855FB /* Assets.xcassets in Resources */ = {isa = PBXBuildFile; fileRef = 37AF922528D80461008855FB /* Assets.xcassets */; };
		37AF922928D80461008855FB /* LaunchScreen.storyboard in Resources */ = {isa = PBXBuildFile; fileRef = 37AF922728D80461008855FB /* LaunchScreen.storyboard */; };
		37D4DA6128D974A100015E05 /* CustomLabel.swift in Sources */ = {isa = PBXBuildFile; fileRef = 37D4DA6028D974A100015E05 /* CustomLabel.swift */; };
/* End PBXBuildFile section */

/* Begin PBXFileReference section */
		3798FB7428D98256004303D1 /* CustomButton.swift */ = {isa = PBXFileReference; lastKnownFileType = sourcecode.swift; path = CustomButton.swift; sourceTree = "<group>"; };
		37A0DA4728D93726008EF0FC /* CustomTextField.swift */ = {isa = PBXFileReference; lastKnownFileType = sourcecode.swift; path = CustomTextField.swift; sourceTree = "<group>"; };
		37AF921928D80460008855FB /* Terrapages_SignIn_Email.app */ = {isa = PBXFileReference; explicitFileType = wrapper.application; includeInIndex = 0; path = Terrapages_SignIn_Email.app; sourceTree = BUILT_PRODUCTS_DIR; };
		37AF921C28D80460008855FB /* AppDelegate.swift */ = {isa = PBXFileReference; lastKnownFileType = sourcecode.swift; path = AppDelegate.swift; sourceTree = "<group>"; };
		37AF921E28D80460008855FB /* SceneDelegate.swift */ = {isa = PBXFileReference; lastKnownFileType = sourcecode.swift; path = SceneDelegate.swift; sourceTree = "<group>"; };
		37AF922028D80460008855FB /* ViewController.swift */ = {isa = PBXFileReference; lastKnownFileType = sourcecode.swift; path = ViewController.swift; sourceTree = "<group>"; };
		37AF922328D80460008855FB /* Base */ = {isa = PBXFileReference; lastKnownFileType = file.storyboard; name = Base; path = Base.lproj/Main.storyboard; sourceTree = "<group>"; };
		37AF922528D80461008855FB /* Assets.xcassets */ = {isa = PBXFileReference; lastKnownFileType = folder.assetcatalog; path = Assets.xcassets; sourceTree = "<group>"; };
		37AF922828D80461008855FB /* Base */ = {isa = PBXFileReference; lastKnownFileType = file.storyboard; name = Base; path = Base.lproj/LaunchScreen.storyboard; sourceTree = "<group>"; };
		37AF922A28D80461008855FB /* Info.plist */ = {isa = PBXFileReference; lastKnownFileType = text.plist.xml; path = Info.plist; sourceTree = "<group>"; };
		37D4DA6028D974A100015E05 /* CustomLabel.swift */ = {isa = PBXFileReference; lastKnownFileType = sourcecode.swift; path = CustomLabel.swift; sourceTree = "<group>"; };
/* End PBXFileReference section */

/* Begin PBXFrameworksBuildPhase section */
		37AF921628D80460008855FB /* Frameworks */ = {
			isa = PBXFrameworksBuildPhase;
			buildActionMask = 2147483647;
			files = (
			);
			runOnlyForDeploymentPostprocessing = 0;
		};
/* End PBXFrameworksBuildPhase section */

/* Begin PBXGroup section */
		37A0DA4628D9370F008EF0FC /* CustomClasses */ = {
			isa = PBXGroup;
			children = (
				37A0DA4728D93726008EF0FC /* CustomTextField.swift */,
				37D4DA6028D974A100015E05 /* CustomLabel.swift */,
				3798FB7428D98256004303D1 /* CustomButton.swift */,
			);
			path = CustomClasses;
			sourceTree = "<group>";
		};
		37AF921028D80460008855FB = {
			isa = PBXGroup;
			children = (
				37AF921B28D80460008855FB /* Terrapages_SignIn_Email */,
				37AF921A28D80460008855FB /* Products */,
			);
			sourceTree = "<group>";
		};
		37AF921A28D80460008855FB /* Products */ = {
			isa = PBXGroup;
			children = (
				37AF921928D80460008855FB /* Terrapages_SignIn_Email.app */,
			);
			name = Products;
			sourceTree = "<group>";
		};
		37AF921B28D80460008855FB /* Terrapages_SignIn_Email */ = {
			isa = PBXGroup;
			children = (
				37A0DA4628D9370F008EF0FC /* CustomClasses */,
				37AF921C28D80460008855FB /* AppDelegate.swift */,
				37AF921E28D80460008855FB /* SceneDelegate.swift */,
				37AF922028D80460008855FB /* ViewController.swift */,
				37AF922228D80460008855FB /* Main.storyboard */,
				37AF922528D80461008855FB /* Assets.xcassets */,
				37AF922728D80461008855FB /* LaunchScreen.storyboard */,
				37AF922A28D80461008855FB /* Info.plist */,
			);
			path = Terrapages_SignIn_Email;
			sourceTree = "<group>";
		};
/* End PBXGroup section */

/* Begin PBXNativeTarget section */
		37AF921828D80460008855FB /* Terrapages_SignIn_Email */ = {
			isa = PBXNativeTarget;
			buildConfigurationList = 37AF922D28D80461008855FB /* Build configuration list for PBXNativeTarget "Terrapages_SignIn_Email" */;
			buildPhases = (
				37AF921528D80460008855FB /* Sources */,
				37AF921628D80460008855FB /* Frameworks */,
				37AF921728D80460008855FB /* Resources */,
			);
			buildRules = (
			);
			dependencies = (
			);
			name = Terrapages_SignIn_Email;
			productName = Terrapages_SignIn_Email;
			productReference = 37AF921928D80460008855FB /* Terrapages_SignIn_Email.app */;
			productType = "com.apple.product-type.application";
		};
/* End PBXNativeTarget section */

/* Begin PBXProject section */
		37AF921128D80460008855FB /* Project object */ = {
			isa = PBXProject;
			attributes = {
				BuildIndependentTargetsInParallel = 1;
				LastSwiftUpdateCheck = 1400;
				LastUpgradeCheck = 1400;
				TargetAttributes = {
					37AF921828D80460008855FB = {
						CreatedOnToolsVersion = 14.0;
					};
				};
			};
			buildConfigurationList = 37AF921428D80460008855FB /* Build configuration list for PBXProject "Terrapages_SignIn_Email" */;
			compatibilityVersion = "Xcode 14.0";
			developmentRegion = en;
			hasScannedForEncodings = 0;
			knownRegions = (
				en,
				Base,
			);
			mainGroup = 37AF921028D80460008855FB;
			productRefGroup = 37AF921A28D80460008855FB /* Products */;
			projectDirPath = "";
			projectRoot = "";
			targets = (
				37AF921828D80460008855FB /* Terrapages_SignIn_Email */,
			);
		};
/* End PBXProject section */

/* Begin PBXResourcesBuildPhase section */
		37AF921728D80460008855FB /* Resources */ = {
			isa = PBXResourcesBuildPhase;
			buildActionMask = 2147483647;
			files = (
				37AF922928D80461008855FB /* LaunchScreen.storyboard in Resources */,
				37AF922628D80461008855FB /* Assets.xcassets in Resources */,
				37AF922428D80460008855FB /* Main.storyboard in Resources */,
			);
			runOnlyForDeploymentPostprocessing = 0;
		};
/* End PBXResourcesBuildPhase section */

/* Begin PBXSourcesBuildPhase section */
		37AF921528D80460008855FB /* Sources */ = {
			isa = PBXSourcesBuildPhase;
			buildActionMask = 2147483647;
			files = (
				37A0DA4828D93726008EF0FC /* CustomTextField.swift in Sources */,
				37AF922128D80460008855FB /* ViewController.swift in Sources */,
				3798FB7528D98256004303D1 /* CustomButton.swift in Sources */,
				37AF921D28D80460008855FB /* AppDelegate.swift in Sources */,
				37AF921F28D80460008855FB /* SceneDelegate.swift in Sources */,
				37D4DA6128D974A100015E05 /* CustomLabel.swift in Sources */,
			);
			runOnlyForDeploymentPostprocessing = 0;
		};
/* End PBXSourcesBuildPhase section */

/* Begin PBXVariantGroup section */
		37AF922228D80460008855FB /* Main.storyboard */ = {
			isa = PBXVariantGroup;
			children = (
				37AF922328D80460008855FB /* Base */,
			);
			name = Main.storyboard;
			sourceTree = "<group>";
		};
		37AF922728D80461008855FB /* LaunchScreen.storyboard */ = {
			isa = PBXVariantGroup;
			children = (
				37AF922828D80461008855FB /* Base */,
			);
			name = LaunchScreen.storyboard;
			sourceTree = "<group>";
		};
/* End PBXVariantGroup section */

/* Begin XCBuildConfiguration section */
		37AF922B28D80461008855FB /* Debug */ = {
			isa = XCBuildConfiguration;
			buildSettings = {
				ALWAYS_SEARCH_USER_PATHS = NO;
				CLANG_ANALYZER_NONNULL = YES;
				CLANG_ANALYZER_NUMBER_OBJECT_CONVERSION = YES_AGGRESSIVE;
				CLANG_CXX_LANGUAGE_STANDARD = "gnu++20";
				CLANG_ENABLE_MODULES = YES;
				CLANG_ENABLE_OBJC_ARC = YES;
				CLANG_ENABLE_OBJC_WEAK = YES;
				CLANG_WARN_BLOCK_CAPTURE_AUTORELEASING = YES;
				CLANG_WARN_BOOL_CONVERSION = YES;
				CLANG_WARN_COMMA = YES;
				CLANG_WARN_CONSTANT_CONVERSION = YES;
				CLANG_WARN_DEPRECATED_OBJC_IMPLEMENTATIONS = YES;
				CLANG_WARN_DIRECT_OBJC_ISA_USAGE = YES_ERROR;
				CLANG_WARN_DOCUMENTATION_COMMENTS = YES;
				CLANG_WARN_EMPTY_BODY = YES;
				CLANG_WARN_ENUM_CONVERSION = YES;
				CLANG_WARN_INFINITE_RECURSION = YES;
				CLANG_WARN_INT_CONVERSION = YES;
				CLANG_WARN_NON_LITERAL_NULL_CONVERSION = YES;
				CLANG_WARN_OBJC_IMPLICIT_RETAIN_SELF = YES;
				CLANG_WARN_OBJC_LITERAL_CONVERSION = YES;
				CLANG_WARN_OBJC_ROOT_CLASS = YES_ERROR;
				CLANG_WARN_QUOTED_INCLUDE_IN_FRAMEWORK_HEADER = YES;
				CLANG_WARN_RANGE_LOOP_ANALYSIS = YES;
				CLANG_WARN_STRICT_PROTOTYPES = YES;
				CLANG_WARN_SUSPICIOUS_MOVE = YES;
				CLANG_WARN_UNGUARDED_AVAILABILITY = YES_AGGRESSIVE;
				CLANG_WARN_UNREACHABLE_CODE = YES;
				CLANG_WARN__DUPLICATE_METHOD_MATCH = YES;
				COPY_PHASE_STRIP = NO;
				DEBUG_INFORMATION_FORMAT = dwarf;
				ENABLE_STRICT_OBJC_MSGSEND = YES;
				ENABLE_TESTABILITY = YES;
				GCC_C_LANGUAGE_STANDARD = gnu11;
				GCC_DYNAMIC_NO_PIC = NO;
				GCC_NO_COMMON_BLOCKS = YES;
				GCC_OPTIMIZATION_LEVEL = 0;
				GCC_PREPROCESSOR_DEFINITIONS = (
					"DEBUG=1",
					"$(inherited)",
				);
				GCC_WARN_64_TO_32_BIT_CONVERSION = YES;
				GCC_WARN_ABOUT_RETURN_TYPE = YES_ERROR;
				GCC_WARN_UNDECLARED_SELECTOR = YES;
				GCC_WARN_UNINITIALIZED_AUTOS = YES_AGGRESSIVE;
				GCC_WARN_UNUSED_FUNCTION = YES;
				GCC_WARN_UNUSED_VARIABLE = YES;
				IPHONEOS_DEPLOYMENT_TARGET = 16.0;
				MTL_ENABLE_DEBUG_INFO = INCLUDE_SOURCE;
				MTL_FAST_MATH = YES;
				ONLY_ACTIVE_ARCH = YES;
				SDKROOT = iphoneos;
				SWIFT_ACTIVE_COMPILATION_CONDITIONS = DEBUG;
				SWIFT_OPTIMIZATION_LEVEL = "-Onone";
			};
			name = Debug;
		};
		37AF922C28D80461008855FB /* Release */ = {
			isa = XCBuildConfiguration;
			buildSettings = {
				ALWAYS_SEARCH_USER_PATHS = NO;
				CLANG_ANALYZER_NONNULL = YES;
				CLANG_ANALYZER_NUMBER_OBJECT_CONVERSION = YES_AGGRESSIVE;
				CLANG_CXX_LANGUAGE_STANDARD = "gnu++20";
				CLANG_ENABLE_MODULES = YES;
				CLANG_ENABLE_OBJC_ARC = YES;
				CLANG_ENABLE_OBJC_WEAK = YES;
				CLANG_WARN_BLOCK_CAPTURE_AUTORELEASING = YES;
				CLANG_WARN_BOOL_CONVERSION = YES;
				CLANG_WARN_COMMA = YES;
				CLANG_WARN_CONSTANT_CONVERSION = YES;
				CLANG_WARN_DEPRECATED_OBJC_IMPLEMENTATIONS = YES;
				CLANG_WARN_DIRECT_OBJC_ISA_USAGE = YES_ERROR;
				CLANG_WARN_DOCUMENTATION_COMMENTS = YES;
				CLANG_WARN_EMPTY_BODY = YES;
				CLANG_WARN_ENUM_CONVERSION = YES;
				CLANG_WARN_INFINITE_RECURSION = YES;
				CLANG_WARN_INT_CONVERSION = YES;
				CLANG_WARN_NON_LITERAL_NULL_CONVERSION = YES;
				CLANG_WARN_OBJC_IMPLICIT_RETAIN_SELF = YES;
				CLANG_WARN_OBJC_LITERAL_CONVERSION = YES;
				CLANG_WARN_OBJC_ROOT_CLASS = YES_ERROR;
				CLANG_WARN_QUOTED_INCLUDE_IN_FRAMEWORK_HEADER = YES;
				CLANG_WARN_RANGE_LOOP_ANALYSIS = YES;
				CLANG_WARN_STRICT_PROTOTYPES = YES;
				CLANG_WARN_SUSPICIOUS_MOVE = YES;
				CLANG_WARN_UNGUARDED_AVAILABILITY = YES_AGGRESSIVE;
				CLANG_WARN_UNREACHABLE_CODE = YES;
				CLANG_WARN__DUPLICATE_METHOD_MATCH = YES;
				COPY_PHASE_STRIP = NO;
				DEBUG_INFORMATION_FORMAT = "dwarf-with-dsym";
				ENABLE_NS_ASSERTIONS = NO;
				ENABLE_STRICT_OBJC_MSGSEND = YES;
				GCC_C_LANGUAGE_STANDARD = gnu11;
				GCC_NO_COMMON_BLOCKS = YES;
				GCC_WARN_64_TO_32_BIT_CONVERSION = YES;
				GCC_WARN_ABOUT_RETURN_TYPE = YES_ERROR;
				GCC_WARN_UNDECLARED_SELECTOR = YES;
				GCC_WARN_UNINITIALIZED_AUTOS = YES_AGGRESSIVE;
				GCC_WARN_UNUSED_FUNCTION = YES;
				GCC_WARN_UNUSED_VARIABLE = YES;
				IPHONEOS_DEPLOYMENT_TARGET = 16.0;
				MTL_ENABLE_DEBUG_INFO = NO;
				MTL_FAST_MATH = YES;
				SDKROOT = iphoneos;
				SWIFT_COMPILATION_MODE = wholemodule;
				SWIFT_OPTIMIZATION_LEVEL = "-O";
				VALIDATE_PRODUCT = YES;
			};
			name = Release;
		};
		37AF922E28D80461008855FB /* Debug */ = {
			isa = XCBuildConfiguration;
			buildSettings = {
				ASSETCATALOG_COMPILER_APPICON_NAME = AppIcon;
				ASSETCATALOG_COMPILER_GLOBAL_ACCENT_COLOR_NAME = AccentColor;
				CODE_SIGN_STYLE = Automatic;
				CURRENT_PROJECT_VERSION = 1;
				GENERATE_INFOPLIST_FILE = YES;
				INFOPLIST_FILE = Terrapages_SignIn_Email/Info.plist;
				INFOPLIST_KEY_UIApplicationSupportsIndirectInputEvents = YES;
				INFOPLIST_KEY_UILaunchStoryboardName = LaunchScreen;
				INFOPLIST_KEY_UIMainStoryboardFile = Main;
				INFOPLIST_KEY_UISupportedInterfaceOrientations_iPad = "UIInterfaceOrientationPortrait UIInterfaceOrientationPortraitUpsideDown UIInterfaceOrientationLandscapeLeft UIInterfaceOrientationLandscapeRight";
				INFOPLIST_KEY_UISupportedInterfaceOrientations_iPhone = "UIInterfaceOrientationPortrait UIInterfaceOrientationLandscapeLeft UIInterfaceOrientationLandscapeRight";
				LD_RUNPATH_SEARCH_PATHS = (
					"$(inherited)",
					"@executable_path/Frameworks",
				);
				MARKETING_VERSION = 1.0;
				PRODUCT_BUNDLE_IDENTIFIER = "aaron.phan.Terrapages-SignIn-Email";
				PRODUCT_NAME = "$(TARGET_NAME)";
				SWIFT_EMIT_LOC_STRINGS = YES;
				SWIFT_VERSION = 5.0;
				TARGETED_DEVICE_FAMILY = "1,2";
			};
			name = Debug;
		};
		37AF922F28D80461008855FB /* Release */ = {
			isa = XCBuildConfiguration;
			buildSettings = {
				ASSETCATALOG_COMPILER_APPICON_NAME = AppIcon;
				ASSETCATALOG_COMPILER_GLOBAL_ACCENT_COLOR_NAME = AccentColor;
				CODE_SIGN_STYLE = Automatic;
				CURRENT_PROJECT_VERSION = 1;
				GENERATE_INFOPLIST_FILE = YES;
				INFOPLIST_FILE = Terrapages_SignIn_Email/Info.plist;
				INFOPLIST_KEY_UIApplicationSupportsIndirectInputEvents = YES;
				INFOPLIST_KEY_UILaunchStoryboardName = LaunchScreen;
				INFOPLIST_KEY_UIMainStoryboardFile = Main;
				INFOPLIST_KEY_UISupportedInterfaceOrientations_iPad = "UIInterfaceOrientationPortrait UIInterfaceOrientationPortraitUpsideDown UIInterfaceOrientationLandscapeLeft UIInterfaceOrientationLandscapeRight";
				INFOPLIST_KEY_UISupportedInterfaceOrientations_iPhone = "UIInterfaceOrientationPortrait UIInterfaceOrientationLandscapeLeft UIInterfaceOrientationLandscapeRight";
				LD_RUNPATH_SEARCH_PATHS = (
					"$(inherited)",
					"@executable_path/Frameworks",
				);
				MARKETING_VERSION = 1.0;
				PRODUCT_BUNDLE_IDENTIFIER = "aaron.phan.Terrapages-SignIn-Email";
				PRODUCT_NAME = "$(TARGET_NAME)";
				SWIFT_EMIT_LOC_STRINGS = YES;
				SWIFT_VERSION = 5.0;
				TARGETED_DEVICE_FAMILY = "1,2";
			};
			name = Release;
		};
/* End XCBuildConfiguration section */

/* Begin XCConfigurationList section */
		37AF921428D80460008855FB /* Build configuration list for PBXProject "Terrapages_SignIn_Email" */ = {
			isa = XCConfigurationList;
			buildConfigurations = (
				37AF922B28D80461008855FB /* Debug */,
				37AF922C28D80461008855FB /* Release */,
			);
			defaultConfigurationIsVisible = 0;
			defaultConfigurationName = Release;
		};
		37AF922D28D80461008855FB /* Build configuration list for PBXNativeTarget "Terrapages_SignIn_Email" */ = {
			isa = XCConfigurationList;
			buildConfigurations = (
				37AF922E28D80461008855FB /* Debug */,
				37AF922F28D80461008855FB /* Release */,
			);
			defaultConfigurationIsVisible = 0;
			defaultConfigurationName = Release;
		};
/* End XCConfigurationList section */
	};
	rootObject = 37AF921128D80460008855FB /* Project object */;
}
